
Microsoft Visual Studio Solution File, Format Version 12.00
# Visual Studio Version 17
VisualStudioVersion = 17.13.35931.197 d17.13
MinimumVisualStudioVersion = 10.0.40219.1
Project("{FAE04EC0-301F-11D3-BF4B-00C04F79EFBC}") = "EstoqueProdutos", "EstoqueProdutos\EstoqueProdutos.csproj", "{1805D7C1-1FF8-4540-A3F6-E6F9C726901C}"
EndProject
Project("{FAE04EC0-301F-11D3-BF4B-00C04F79EFBC}") = "TestProject1", "TestProject1\TestProject1.csproj", "{147E99C5-2E22-4850-A27F-7C598A7F4024}"
EndProject
Global
	GlobalSection(SolutionConfigurationPlatforms) = preSolution
		Debug|Any CPU = Debug|Any CPU
		Release|Any CPU = Release|Any CPU
	EndGlobalSection
	GlobalSection(ProjectConfigurationPlatforms) = postSolution
		{1805D7C1-1FF8-4540-A3F6-E6F9C726901C}.Debug|Any CPU.ActiveCfg = Debug|Any CPU
		{1805D7C1-1FF8-4540-A3F6-E6F9C726901C}.Debug|Any CPU.Build.0 = Debug|Any CPU
		{1805D7C1-1FF8-4540-A3F6-E6F9C726901C}.Release|Any CPU.ActiveCfg = Release|Any CPU
		{1805D7C1-1FF8-4540-A3F6-E6F9C726901C}.Release|Any CPU.Build.0 = Release|Any CPU
		{147E99C5-2E22-4850-A27F-7C598A7F4024}.Debug|Any CPU.ActiveCfg = Debug|Any CPU
		{147E99C5-2E22-4850-A27F-7C598A7F4024}.Debug|Any CPU.Build.0 = Debug|Any CPU
		{147E99C5-2E22-4850-A27F-7C598A7F4024}.Release|Any CPU.ActiveCfg = Release|Any CPU
		{147E99C5-2E22-4850-A27F-7C598A7F4024}.Release|Any CPU.Build.0 = Release|Any CPU
	EndGlobalSection
	GlobalSection(SolutionProperties) = preSolution
		HideSolutionNode = FALSE
	EndGlobalSection
	GlobalSection(ExtensibilityGlobals) = postSolution
		SolutionGuid = {8B58BE55-C71D-47DE-BE9B-32734DFA2385}
	EndGlobalSection
EndGlobal
